
Microsoft Visual Studio Solution File, Format Version 11.00
# Visual Studio 2010
Project("{FAE04EC0-301F-11D3-BF4B-00C04F79EFBC}") = "RacingGameV2", "Assembly-CSharp.csproj", "{70E563B5-E81F-25F2-262C-B2405643E710}"
EndProject
Project("{FAE04EC0-301F-11D3-BF4B-00C04F79EFBC}") = "RacingGameV2", "Assembly-CSharp-Editor-firstpass.csproj", "{CF3A2D71-61B0-9252-0501-EAA80C6F50C8}"
EndProject
Project("{FAE04EC0-301F-11D3-BF4B-00C04F79EFBC}") = "RacingGameV2", "Assembly-CSharp-Editor.csproj", "{3614B46A-2F2D-9F4E-1028-11B44059443B}"
EndProject
Global
	GlobalSection(SolutionConfigurationPlatforms) = preSolution
		Debug|Any CPU = Debug|Any CPU
		Release|Any CPU = Release|Any CPU
	EndGlobalSection
	GlobalSection(ProjectConfigurationPlatforms) = postSolution
		{70E563B5-E81F-25F2-262C-B2405643E710}.Debug|Any CPU.ActiveCfg = Debug|Any CPU
		{70E563B5-E81F-25F2-262C-B2405643E710}.Debug|Any CPU.Build.0 = Debug|Any CPU
		{70E563B5-E81F-25F2-262C-B2405643E710}.Release|Any CPU.ActiveCfg = Release|Any CPU
		{70E563B5-E81F-25F2-262C-B2405643E710}.Release|Any CPU.Build.0 = Release|Any CPU
		{CF3A2D71-61B0-9252-0501-EAA80C6F50C8}.Debug|Any CPU.ActiveCfg = Debug|Any CPU
		{CF3A2D71-61B0-9252-0501-EAA80C6F50C8}.Debug|Any CPU.Build.0 = Debug|Any CPU
		{CF3A2D71-61B0-9252-0501-EAA80C6F50C8}.Release|Any CPU.ActiveCfg = Release|Any CPU
		{CF3A2D71-61B0-9252-0501-EAA80C6F50C8}.Release|Any CPU.Build.0 = Release|Any CPU
		{3614B46A-2F2D-9F4E-1028-11B44059443B}.Debug|Any CPU.ActiveCfg = Debug|Any CPU
		{3614B46A-2F2D-9F4E-1028-11B44059443B}.Debug|Any CPU.Build.0 = Debug|Any CPU
		{3614B46A-2F2D-9F4E-1028-11B44059443B}.Release|Any CPU.ActiveCfg = Release|Any CPU
		{3614B46A-2F2D-9F4E-1028-11B44059443B}.Release|Any CPU.Build.0 = Release|Any CPU
	EndGlobalSection
	GlobalSection(SolutionProperties) = preSolution
		HideSolutionNode = FALSE
	EndGlobalSection
	GlobalSection(MonoDevelopProperties) = preSolution
		StartupItem = Assembly-CSharp.csproj
	EndGlobalSection
EndGlobal
